# THIS IS AN AUTOGENERATED FILE. DO NOT EDIT THIS FILE DIRECTLY.
# yarn lockfile v1


"@types/node@*":
  version "18.11.7"
  resolved "https://registry.yarnpkg.com/@types/node/-/node-18.11.7.tgz#8ccef136f240770c1379d50100796a6952f01f94"
  integrity sha512-LhFTglglr63mNXUSRYD8A+ZAIu5sFqNJ4Y2fPuY7UlrySJH87rRRlhtVmMHplmfk5WkoJGmDjE9oiTfyX94CpQ==

"@types/nodemailer@^6.4.6":
  version "6.4.6"
  resolved "https://registry.yarnpkg.com/@types/nodemailer/-/nodemailer-6.4.6.tgz#ce21b4b474a08f672f182e15982b7945dde1f288"
  integrity sha512-pD6fL5GQtUKvD2WnPmg5bC2e8kWCAPDwMPmHe/ohQbW+Dy0EcHgZ2oCSuPlWNqk74LS5BVMig1SymQbFMPPK3w==
  dependencies:
    "@types/node" "*"

dotenv@^16.0.3:
  version "16.0.3"
  resolved "https://registry.yarnpkg.com/dotenv/-/dotenv-16.0.3.tgz#115aec42bac5053db3c456db30cc243a5a836a07"
  integrity sha512-7GO6HghkA5fYG9TYnNxi14/7K9f5occMlp3zXAuSxn7CKCxt9xbNWG7yF8hTCSUchlfWSe3uLmlPfigevRItzQ==

nodemailer@^6.8.0:
  version "6.8.0"
  resolved "https://registry.yarnpkg.com/nodemailer/-/nodemailer-6.8.0.tgz#804bcc5256ee5523bc914506ee59f8de8f0b1cd5"
  integrity sha512-EjYvSmHzekz6VNkNd12aUqAco+bOkRe3Of5jVhltqKhEsjw/y0PYPJfp83+s9Wzh1dspYAkUW/YNQ350NATbSQ==

typescript@^4.8.4:
  version "4.8.4"
  resolved "https://registry.yarnpkg.com/typescript/-/typescript-4.8.4.tgz#c464abca159669597be5f96b8943500b238e60e6"
  integrity sha512-QCh+85mCy+h0IGff8r5XWzOVSbBO+KfeYrMQh7NJ58QujwcE22u+NUSmUxqF+un70P9GXKxa2HCNiTTMJknyjQ==
