# THIS IS AN AUTOGENERATED FILE. DO NOT EDIT THIS FILE DIRECTLY.
# yarn lockfile v1


nodemailer@^6.8.0:
  version "6.8.0"
  resolved "https://registry.yarnpkg.com/nodemailer/-/nodemailer-6.8.0.tgz#804bcc5256ee5523bc914506ee59f8de8f0b1cd5"
  integrity sha512-EjYvSmHzekz6VNkNd12aUqAco+bOkRe3Of5jVhltqKhEsjw/y0PYPJfp83+s9Wzh1dspYAkUW/YNQ350NATbSQ==
